
Microsoft Visual Studio Solution File, Format Version 12.00
# Visual Studio Version 17
VisualStudioVersion = 17.7.34018.315
MinimumVisualStudioVersion = 10.0.40219.1
Project("{FAE04EC0-301F-11D3-BF4B-00C04F79EFBC}") = "Hello World LWM", "Hello World LWM\Hello World LWM.csproj", "{047639C2-4934-4717-81D8-BCBB0C872175}"
EndProject
Global
	GlobalSection(SolutionConfigurationPlatforms) = preSolution
		Debug|Any CPU = Debug|Any CPU
		Release|Any CPU = Release|Any CPU
	EndGlobalSection
	GlobalSection(ProjectConfigurationPlatforms) = postSolution
		{047639C2-4934-4717-81D8-BCBB0C872175}.Debug|Any CPU.ActiveCfg = Debug|Any CPU
		{047639C2-4934-4717-81D8-BCBB0C872175}.Debug|Any CPU.Build.0 = Debug|Any CPU
		{047639C2-4934-4717-81D8-BCBB0C872175}.Release|Any CPU.ActiveCfg = Release|Any CPU
		{047639C2-4934-4717-81D8-BCBB0C872175}.Release|Any CPU.Build.0 = Release|Any CPU
	EndGlobalSection
	GlobalSection(SolutionProperties) = preSolution
		HideSolutionNode = FALSE
	EndGlobalSection
	GlobalSection(ExtensibilityGlobals) = postSolution
		SolutionGuid = {0A490F1B-CFC8-4DA1-A9E7-D4BEC48D2E27}
	EndGlobalSection
EndGlobal
